
Microsoft Visual Studio Solution File, Format Version 12.00
# Visual Studio 15
VisualStudioVersion = 15.0.28010.2036
MinimumVisualStudioVersion = 10.0.40219.1
Project("{8BC9CEB8-8B4A-11D0-8D11-00A0C91BC942}") = "3.33", "3.33\3.33.vcxproj", "{E83CE9E0-817A-4E46-A6CF-7079DE3D6D19}"
EndProject
Global
	GlobalSection(SolutionConfigurationPlatforms) = preSolution
		Debug|x64 = Debug|x64
		Debug|x86 = Debug|x86
		Release|x64 = Release|x64
		Release|x86 = Release|x86
	EndGlobalSection
	GlobalSection(ProjectConfigurationPlatforms) = postSolution
		{E83CE9E0-817A-4E46-A6CF-7079DE3D6D19}.Debug|x64.ActiveCfg = Debug|x64
		{E83CE9E0-817A-4E46-A6CF-7079DE3D6D19}.Debug|x64.Build.0 = Debug|x64
		{E83CE9E0-817A-4E46-A6CF-7079DE3D6D19}.Debug|x86.ActiveCfg = Debug|Win32
		{E83CE9E0-817A-4E46-A6CF-7079DE3D6D19}.Debug|x86.Build.0 = Debug|Win32
		{E83CE9E0-817A-4E46-A6CF-7079DE3D6D19}.Release|x64.ActiveCfg = Release|x64
		{E83CE9E0-817A-4E46-A6CF-7079DE3D6D19}.Release|x64.Build.0 = Release|x64
		{E83CE9E0-817A-4E46-A6CF-7079DE3D6D19}.Release|x86.ActiveCfg = Release|Win32
		{E83CE9E0-817A-4E46-A6CF-7079DE3D6D19}.Release|x86.Build.0 = Release|Win32
	EndGlobalSection
	GlobalSection(SolutionProperties) = preSolution
		HideSolutionNode = FALSE
	EndGlobalSection
	GlobalSection(ExtensibilityGlobals) = postSolution
		SolutionGuid = {59CCC786-0271-463E-9E09-8F918F794478}
	EndGlobalSection
EndGlobal
